
Microsoft Visual Studio Solution File, Format Version 12.00
# Visual Studio Version 17
VisualStudioVersion = 17.11.35327.3
MinimumVisualStudioVersion = 10.0.40219.1
Project("{FAE04EC0-301F-11D3-BF4B-00C04F79EFBC}") = "applicacion", "applicacion\applicacion.csproj", "{DBFF5C73-FBC9-4985-B1D6-3801AC1E44DA}"
EndProject
Global
	GlobalSection(SolutionConfigurationPlatforms) = preSolution
		Debug|Any CPU = Debug|Any CPU
		Release|Any CPU = Release|Any CPU
	EndGlobalSection
	GlobalSection(ProjectConfigurationPlatforms) = postSolution
		{DBFF5C73-FBC9-4985-B1D6-3801AC1E44DA}.Debug|Any CPU.ActiveCfg = Debug|Any CPU
		{DBFF5C73-FBC9-4985-B1D6-3801AC1E44DA}.Debug|Any CPU.Build.0 = Debug|Any CPU
		{DBFF5C73-FBC9-4985-B1D6-3801AC1E44DA}.Debug|Any CPU.Deploy.0 = Debug|Any CPU
		{DBFF5C73-FBC9-4985-B1D6-3801AC1E44DA}.Release|Any CPU.ActiveCfg = Release|Any CPU
		{DBFF5C73-FBC9-4985-B1D6-3801AC1E44DA}.Release|Any CPU.Build.0 = Release|Any CPU
		{DBFF5C73-FBC9-4985-B1D6-3801AC1E44DA}.Release|Any CPU.Deploy.0 = Release|Any CPU
	EndGlobalSection
	GlobalSection(SolutionProperties) = preSolution
		HideSolutionNode = FALSE
	EndGlobalSection
	GlobalSection(ExtensibilityGlobals) = postSolution
		SolutionGuid = {1468DE09-BDAC-4947-8B74-990265128CD8}
	EndGlobalSection
EndGlobal
